// !$*UTF8*$!
{
	archiveVersion = 1;
	classes = {
	};
	objectVersion = 55;
	objects = {

/* Begin PBXBuildFile section */
		7B06FB51281AEC2E00CA0263 /* durationModalViewController.swift in Sources */ = {isa = PBXBuildFile; fileRef = 7B06FB50281AEC2E00CA0263 /* durationModalViewController.swift */; };
		7B06FB77281AF88400CA0263 /* NC1.xcdatamodeld in Sources */ = {isa = PBXBuildFile; fileRef = 7B06FB75281AF88400CA0263 /* NC1.xcdatamodeld */; };
		7B2B47BC281A724400B7A8AA /* reminderViewController.swift in Sources */ = {isa = PBXBuildFile; fileRef = 7B2B47BB281A724400B7A8AA /* reminderViewController.swift */; };
		7B76ADAC281905D0000C8C13 /* AppDelegate.swift in Sources */ = {isa = PBXBuildFile; fileRef = 7B76ADAB281905D0000C8C13 /* AppDelegate.swift */; };
		7B76ADAE281905D0000C8C13 /* SceneDelegate.swift in Sources */ = {isa = PBXBuildFile; fileRef = 7B76ADAD281905D0000C8C13 /* SceneDelegate.swift */; };
		7B76ADB0281905D0000C8C13 /* ViewController.swift in Sources */ = {isa = PBXBuildFile; fileRef = 7B76ADAF281905D0000C8C13 /* ViewController.swift */; };
		7B76ADB3281905D0000C8C13 /* Main.storyboard in Resources */ = {isa = PBXBuildFile; fileRef = 7B76ADB1281905D0000C8C13 /* Main.storyboard */; };
		7B76ADB5281905D1000C8C13 /* Assets.xcassets in Resources */ = {isa = PBXBuildFile; fileRef = 7B76ADB4281905D1000C8C13 /* Assets.xcassets */; };
		7B76ADB8281905D1000C8C13 /* LaunchScreen.storyboard in Resources */ = {isa = PBXBuildFile; fileRef = 7B76ADB6281905D1000C8C13 /* LaunchScreen.storyboard */; };
		7B76ADC128190B79000C8C13 /* SF-Pro-Rounded-Bold.otf in Resources */ = {isa = PBXBuildFile; fileRef = 7B76ADC028190B75000C8C13 /* SF-Pro-Rounded-Bold.otf */; };
		7B76ADC328190C07000C8C13 /* SF-Pro-Rounded-Light.otf in Resources */ = {isa = PBXBuildFile; fileRef = 7B76ADC228190C04000C8C13 /* SF-Pro-Rounded-Light.otf */; };
		7B76ADC528190C3A000C8C13 /* SF-Pro-Rounded-Regular.otf in Resources */ = {isa = PBXBuildFile; fileRef = 7B76ADC428190C37000C8C13 /* SF-Pro-Rounded-Regular.otf */; };
		7B76ADC728190C55000C8C13 /* SF-Pro-Rounded-Medium.otf in Resources */ = {isa = PBXBuildFile; fileRef = 7B76ADC628190C52000C8C13 /* SF-Pro-Rounded-Medium.otf */; };
		7BCECC8728199B960041D8EF /* WaveView.swift in Sources */ = {isa = PBXBuildFile; fileRef = 7BCECC8628199B960041D8EF /* WaveView.swift */; };
		7BEDE7C3281A75FF00802352 /* reminderTableViewCell.swift in Sources */ = {isa = PBXBuildFile; fileRef = 7BEDE7C1281A75FF00802352 /* reminderTableViewCell.swift */; };
		7BEDE7C4281A75FF00802352 /* reminderTableViewCell.xib in Resources */ = {isa = PBXBuildFile; fileRef = 7BEDE7C2281A75FF00802352 /* reminderTableViewCell.xib */; };
/* End PBXBuildFile section */

/* Begin PBXFileReference section */
		7B06FB50281AEC2E00CA0263 /* durationModalViewController.swift */ = {isa = PBXFileReference; lastKnownFileType = sourcecode.swift; path = durationModalViewController.swift; sourceTree = "<group>"; };
		7B06FB76281AF88400CA0263 /* NC1.xcdatamodel */ = {isa = PBXFileReference; lastKnownFileType = wrapper.xcdatamodel; path = NC1.xcdatamodel; sourceTree = "<group>"; };
		7B2B47BB281A724400B7A8AA /* reminderViewController.swift */ = {isa = PBXFileReference; lastKnownFileType = sourcecode.swift; path = reminderViewController.swift; sourceTree = "<group>"; };
		7B76ADA8281905D0000C8C13 /* Nano Challenge 1 - Laura.app */ = {isa = PBXFileReference; explicitFileType = wrapper.application; includeInIndex = 0; path = "Nano Challenge 1 - Laura.app"; sourceTree = BUILT_PRODUCTS_DIR; };
		7B76ADAB281905D0000C8C13 /* AppDelegate.swift */ = {isa = PBXFileReference; lastKnownFileType = sourcecode.swift; path = AppDelegate.swift; sourceTree = "<group>"; };
		7B76ADAD281905D0000C8C13 /* SceneDelegate.swift */ = {isa = PBXFileReference; lastKnownFileType = sourcecode.swift; path = SceneDelegate.swift; sourceTree = "<group>"; };
		7B76ADAF281905D0000C8C13 /* ViewController.swift */ = {isa = PBXFileReference; lastKnownFileType = sourcecode.swift; path = ViewController.swift; sourceTree = "<group>"; };
		7B76ADB2281905D0000C8C13 /* Base */ = {isa = PBXFileReference; lastKnownFileType = file.storyboard; name = Base; path = Base.lproj/Main.storyboard; sourceTree = "<group>"; };
		7B76ADB4281905D1000C8C13 /* Assets.xcassets */ = {isa = PBXFileReference; lastKnownFileType = folder.assetcatalog; path = Assets.xcassets; sourceTree = "<group>"; };
		7B76ADB7281905D1000C8C13 /* Base */ = {isa = PBXFileReference; lastKnownFileType = file.storyboard; name = Base; path = Base.lproj/LaunchScreen.storyboard; sourceTree = "<group>"; };
		7B76ADB9281905D1000C8C13 /* Info.plist */ = {isa = PBXFileReference; lastKnownFileType = text.plist.xml; path = Info.plist; sourceTree = "<group>"; };
		7B76ADC028190B75000C8C13 /* SF-Pro-Rounded-Bold.otf */ = {isa = PBXFileReference; lastKnownFileType = file; name = "SF-Pro-Rounded-Bold.otf"; path = "../../../../../../Library/Fonts/SF-Pro-Rounded-Bold.otf"; sourceTree = "<group>"; };
		7B76ADC228190C04000C8C13 /* SF-Pro-Rounded-Light.otf */ = {isa = PBXFileReference; lastKnownFileType = file; name = "SF-Pro-Rounded-Light.otf"; path = "../../../../../../Library/Fonts/SF-Pro-Rounded-Light.otf"; sourceTree = "<group>"; };
		7B76ADC428190C37000C8C13 /* SF-Pro-Rounded-Regular.otf */ = {isa = PBXFileReference; lastKnownFileType = file; name = "SF-Pro-Rounded-Regular.otf"; path = "../../../../../../Library/Fonts/SF-Pro-Rounded-Regular.otf"; sourceTree = "<group>"; };
		7B76ADC628190C52000C8C13 /* SF-Pro-Rounded-Medium.otf */ = {isa = PBXFileReference; lastKnownFileType = file; name = "SF-Pro-Rounded-Medium.otf"; path = "../../../../../../Library/Fonts/SF-Pro-Rounded-Medium.otf"; sourceTree = "<group>"; };
		7BCECC8628199B960041D8EF /* WaveView.swift */ = {isa = PBXFileReference; lastKnownFileType = sourcecode.swift; path = WaveView.swift; sourceTree = "<group>"; };
		7BEDE7C1281A75FF00802352 /* reminderTableViewCell.swift */ = {isa = PBXFileReference; lastKnownFileType = sourcecode.swift; path = reminderTableViewCell.swift; sourceTree = "<group>"; };
		7BEDE7C2281A75FF00802352 /* reminderTableViewCell.xib */ = {isa = PBXFileReference; lastKnownFileType = file.xib; path = reminderTableViewCell.xib; sourceTree = "<group>"; };
/* End PBXFileReference section */

/* Begin PBXFrameworksBuildPhase section */
		7B76ADA5281905D0000C8C13 /* Frameworks */ = {
			isa = PBXFrameworksBuildPhase;
			buildActionMask = 2147483647;
			files = (
			);
			runOnlyForDeploymentPostprocessing = 0;
		};
/* End PBXFrameworksBuildPhase section */

/* Begin PBXGroup section */
		7B76AD9F281905D0000C8C13 = {
			isa = PBXGroup;
			children = (
				7B76ADAA281905D0000C8C13 /* Nano Challenge 1 - Laura */,
				7B76ADA9281905D0000C8C13 /* Products */,
			);
			sourceTree = "<group>";
		};
		7B76ADA9281905D0000C8C13 /* Products */ = {
			isa = PBXGroup;
			children = (
				7B76ADA8281905D0000C8C13 /* Nano Challenge 1 - Laura.app */,
			);
			name = Products;
			sourceTree = "<group>";
		};
		7B76ADAA281905D0000C8C13 /* Nano Challenge 1 - Laura */ = {
			isa = PBXGroup;
			children = (
				7B76ADBF28190604000C8C13 /* fonts */,
				7B76ADAB281905D0000C8C13 /* AppDelegate.swift */,
				7B06FB75281AF88400CA0263 /* NC1.xcdatamodeld */,
				7B76ADAD281905D0000C8C13 /* SceneDelegate.swift */,
				7B76ADAF281905D0000C8C13 /* ViewController.swift */,
				7BCECC8628199B960041D8EF /* WaveView.swift */,
				7B76ADB1281905D0000C8C13 /* Main.storyboard */,
				7BEDE7C1281A75FF00802352 /* reminderTableViewCell.swift */,
				7BEDE7C2281A75FF00802352 /* reminderTableViewCell.xib */,
				7B2B47BB281A724400B7A8AA /* reminderViewController.swift */,
				7B06FB50281AEC2E00CA0263 /* durationModalViewController.swift */,
				7B76ADB4281905D1000C8C13 /* Assets.xcassets */,
				7B76ADB6281905D1000C8C13 /* LaunchScreen.storyboard */,
				7B76ADB9281905D1000C8C13 /* Info.plist */,
			);
			path = "Nano Challenge 1 - Laura";
			sourceTree = "<group>";
		};
		7B76ADBF28190604000C8C13 /* fonts */ = {
			isa = PBXGroup;
			children = (
				7B76ADC028190B75000C8C13 /* SF-Pro-Rounded-Bold.otf */,
				7B76ADC628190C52000C8C13 /* SF-Pro-Rounded-Medium.otf */,
				7B76ADC228190C04000C8C13 /* SF-Pro-Rounded-Light.otf */,
				7B76ADC428190C37000C8C13 /* SF-Pro-Rounded-Regular.otf */,
			);
			path = fonts;
			sourceTree = "<group>";
		};
/* End PBXGroup section */

/* Begin PBXNativeTarget section */
		7B76ADA7281905D0000C8C13 /* Nano Challenge 1 - Laura */ = {
			isa = PBXNativeTarget;
			buildConfigurationList = 7B76ADBC281905D1000C8C13 /* Build configuration list for PBXNativeTarget "Nano Challenge 1 - Laura" */;
			buildPhases = (
				7B76ADA4281905D0000C8C13 /* Sources */,
				7B76ADA5281905D0000C8C13 /* Frameworks */,
				7B76ADA6281905D0000C8C13 /* Resources */,
			);
			buildRules = (
			);
			dependencies = (
			);
			name = "Nano Challenge 1 - Laura";
			productName = "Nano Challenge 1 - Laura";
			productReference = 7B76ADA8281905D0000C8C13 /* Nano Challenge 1 - Laura.app */;
			productType = "com.apple.product-type.application";
		};
/* End PBXNativeTarget section */

/* Begin PBXProject section */
		7B76ADA0281905D0000C8C13 /* Project object */ = {
			isa = PBXProject;
			attributes = {
				BuildIndependentTargetsInParallel = 1;
				LastSwiftUpdateCheck = 1330;
				LastUpgradeCheck = 1330;
				TargetAttributes = {
					7B76ADA7281905D0000C8C13 = {
						CreatedOnToolsVersion = 13.3.1;
					};
				};
			};
			buildConfigurationList = 7B76ADA3281905D0000C8C13 /* Build configuration list for PBXProject "Nano Challenge 1 - Laura" */;
			compatibilityVersion = "Xcode 13.0";
			developmentRegion = en;
			hasScannedForEncodings = 0;
			knownRegions = (
				en,
				Base,
			);
			mainGroup = 7B76AD9F281905D0000C8C13;
			productRefGroup = 7B76ADA9281905D0000C8C13 /* Products */;
			projectDirPath = "";
			projectRoot = "";
			targets = (
				7B76ADA7281905D0000C8C13 /* Nano Challenge 1 - Laura */,
			);
		};
/* End PBXProject section */

/* Begin PBXResourcesBuildPhase section */
		7B76ADA6281905D0000C8C13 /* Resources */ = {
			isa = PBXResourcesBuildPhase;
			buildActionMask = 2147483647;
			files = (
				7B76ADB8281905D1000C8C13 /* LaunchScreen.storyboard in Resources */,
				7B76ADC728190C55000C8C13 /* SF-Pro-Rounded-Medium.otf in Resources */,
				7B76ADC328190C07000C8C13 /* SF-Pro-Rounded-Light.otf in Resources */,
				7BEDE7C4281A75FF00802352 /* reminderTableViewCell.xib in Resources */,
				7B76ADC128190B79000C8C13 /* SF-Pro-Rounded-Bold.otf in Resources */,
				7B76ADB5281905D1000C8C13 /* Assets.xcassets in Resources */,
				7B76ADB3281905D0000C8C13 /* Main.storyboard in Resources */,
				7B76ADC528190C3A000C8C13 /* SF-Pro-Rounded-Regular.otf in Resources */,
			);
			runOnlyForDeploymentPostprocessing = 0;
		};
/* End PBXResourcesBuildPhase section */

/* Begin PBXSourcesBuildPhase section */
		7B76ADA4281905D0000C8C13 /* Sources */ = {
			isa = PBXSourcesBuildPhase;
			buildActionMask = 2147483647;
			files = (
				7B2B47BC281A724400B7A8AA /* reminderViewController.swift in Sources */,
				7B76ADB0281905D0000C8C13 /* ViewController.swift in Sources */,
				7B06FB77281AF88400CA0263 /* NC1.xcdatamodeld in Sources */,
				7B76ADAC281905D0000C8C13 /* AppDelegate.swift in Sources */,
				7BEDE7C3281A75FF00802352 /* reminderTableViewCell.swift in Sources */,
				7B76ADAE281905D0000C8C13 /* SceneDelegate.swift in Sources */,
				7BCECC8728199B960041D8EF /* WaveView.swift in Sources */,
				7B06FB51281AEC2E00CA0263 /* durationModalViewController.swift in Sources */,
			);
			runOnlyForDeploymentPostprocessing = 0;
		};
/* End PBXSourcesBuildPhase section */

/* Begin PBXVariantGroup section */
		7B76ADB1281905D0000C8C13 /* Main.storyboard */ = {
			isa = PBXVariantGroup;
			children = (
				7B76ADB2281905D0000C8C13 /* Base */,
			);
			name = Main.storyboard;
			sourceTree = "<group>";
		};
		7B76ADB6281905D1000C8C13 /* LaunchScreen.storyboard */ = {
			isa = PBXVariantGroup;
			children = (
				7B76ADB7281905D1000C8C13 /* Base */,
			);
			name = LaunchScreen.storyboard;
			sourceTree = "<group>";
		};
/* End PBXVariantGroup section */

/* Begin XCBuildConfiguration section */
		7B76ADBA281905D1000C8C13 /* Debug */ = {
			isa = XCBuildConfiguration;
			buildSettings = {
				ALWAYS_SEARCH_USER_PATHS = NO;
				CLANG_ANALYZER_NONNULL = YES;
				CLANG_ANALYZER_NUMBER_OBJECT_CONVERSION = YES_AGGRESSIVE;
				CLANG_CXX_LANGUAGE_STANDARD = "gnu++17";
				CLANG_ENABLE_MODULES = YES;
				CLANG_ENABLE_OBJC_ARC = YES;
				CLANG_ENABLE_OBJC_WEAK = YES;
				CLANG_WARN_BLOCK_CAPTURE_AUTORELEASING = YES;
				CLANG_WARN_BOOL_CONVERSION = YES;
				CLANG_WARN_COMMA = YES;
				CLANG_WARN_CONSTANT_CONVERSION = YES;
				CLANG_WARN_DEPRECATED_OBJC_IMPLEMENTATIONS = YES;
				CLANG_WARN_DIRECT_OBJC_ISA_USAGE = YES_ERROR;
				CLANG_WARN_DOCUMENTATION_COMMENTS = YES;
				CLANG_WARN_EMPTY_BODY = YES;
				CLANG_WARN_ENUM_CONVERSION = YES;
				CLANG_WARN_INFINITE_RECURSION = YES;
				CLANG_WARN_INT_CONVERSION = YES;
				CLANG_WARN_NON_LITERAL_NULL_CONVERSION = YES;
				CLANG_WARN_OBJC_IMPLICIT_RETAIN_SELF = YES;
				CLANG_WARN_OBJC_LITERAL_CONVERSION = YES;
				CLANG_WARN_OBJC_ROOT_CLASS = YES_ERROR;
				CLANG_WARN_QUOTED_INCLUDE_IN_FRAMEWORK_HEADER = YES;
				CLANG_WARN_RANGE_LOOP_ANALYSIS = YES;
				CLANG_WARN_STRICT_PROTOTYPES = YES;
				CLANG_WARN_SUSPICIOUS_MOVE = YES;
				CLANG_WARN_UNGUARDED_AVAILABILITY = YES_AGGRESSIVE;
				CLANG_WARN_UNREACHABLE_CODE = YES;
				CLANG_WARN__DUPLICATE_METHOD_MATCH = YES;
				COPY_PHASE_STRIP = NO;
				DEBUG_INFORMATION_FORMAT = dwarf;
				ENABLE_STRICT_OBJC_MSGSEND = YES;
				ENABLE_TESTABILITY = YES;
				GCC_C_LANGUAGE_STANDARD = gnu11;
				GCC_DYNAMIC_NO_PIC = NO;
				GCC_NO_COMMON_BLOCKS = YES;
				GCC_OPTIMIZATION_LEVEL = 0;
				GCC_PREPROCESSOR_DEFINITIONS = (
					"DEBUG=1",
					"$(inherited)",
				);
				GCC_WARN_64_TO_32_BIT_CONVERSION = YES;
				GCC_WARN_ABOUT_RETURN_TYPE = YES_ERROR;
				GCC_WARN_UNDECLARED_SELECTOR = YES;
				GCC_WARN_UNINITIALIZED_AUTOS = YES_AGGRESSIVE;
				GCC_WARN_UNUSED_FUNCTION = YES;
				GCC_WARN_UNUSED_VARIABLE = YES;
				IPHONEOS_DEPLOYMENT_TARGET = 15.4;
				MTL_ENABLE_DEBUG_INFO = INCLUDE_SOURCE;
				MTL_FAST_MATH = YES;
				ONLY_ACTIVE_ARCH = YES;
				SDKROOT = iphoneos;
				SWIFT_ACTIVE_COMPILATION_CONDITIONS = DEBUG;
				SWIFT_OPTIMIZATION_LEVEL = "-Onone";
			};
			name = Debug;
		};
		7B76ADBB281905D1000C8C13 /* Release */ = {
			isa = XCBuildConfiguration;
			buildSettings = {
				ALWAYS_SEARCH_USER_PATHS = NO;
				CLANG_ANALYZER_NONNULL = YES;
				CLANG_ANALYZER_NUMBER_OBJECT_CONVERSION = YES_AGGRESSIVE;
				CLANG_CXX_LANGUAGE_STANDARD = "gnu++17";
				CLANG_ENABLE_MODULES = YES;
				CLANG_ENABLE_OBJC_ARC = YES;
				CLANG_ENABLE_OBJC_WEAK = YES;
				CLANG_WARN_BLOCK_CAPTURE_AUTORELEASING = YES;
				CLANG_WARN_BOOL_CONVERSION = YES;
				CLANG_WARN_COMMA = YES;
				CLANG_WARN_CONSTANT_CONVERSION = YES;
				CLANG_WARN_DEPRECATED_OBJC_IMPLEMENTATIONS = YES;
				CLANG_WARN_DIRECT_OBJC_ISA_USAGE = YES_ERROR;
				CLANG_WARN_DOCUMENTATION_COMMENTS = YES;
				CLANG_WARN_EMPTY_BODY = YES;
				CLANG_WARN_ENUM_CONVERSION = YES;
				CLANG_WARN_INFINITE_RECURSION = YES;
				CLANG_WARN_INT_CONVERSION = YES;
				CLANG_WARN_NON_LITERAL_NULL_CONVERSION = YES;
				CLANG_WARN_OBJC_IMPLICIT_RETAIN_SELF = YES;
				CLANG_WARN_OBJC_LITERAL_CONVERSION = YES;
				CLANG_WARN_OBJC_ROOT_CLASS = YES_ERROR;
				CLANG_WARN_QUOTED_INCLUDE_IN_FRAMEWORK_HEADER = YES;
				CLANG_WARN_RANGE_LOOP_ANALYSIS = YES;
				CLANG_WARN_STRICT_PROTOTYPES = YES;
				CLANG_WARN_SUSPICIOUS_MOVE = YES;
				CLANG_WARN_UNGUARDED_AVAILABILITY = YES_AGGRESSIVE;
				CLANG_WARN_UNREACHABLE_CODE = YES;
				CLANG_WARN__DUPLICATE_METHOD_MATCH = YES;
				COPY_PHASE_STRIP = NO;
				DEBUG_INFORMATION_FORMAT = "dwarf-with-dsym";
				ENABLE_NS_ASSERTIONS = NO;
				ENABLE_STRICT_OBJC_MSGSEND = YES;
				GCC_C_LANGUAGE_STANDARD = gnu11;
				GCC_NO_COMMON_BLOCKS = YES;
				GCC_WARN_64_TO_32_BIT_CONVERSION = YES;
				GCC_WARN_ABOUT_RETURN_TYPE = YES_ERROR;
				GCC_WARN_UNDECLARED_SELECTOR = YES;
				GCC_WARN_UNINITIALIZED_AUTOS = YES_AGGRESSIVE;
				GCC_WARN_UNUSED_FUNCTION = YES;
				GCC_WARN_UNUSED_VARIABLE = YES;
				IPHONEOS_DEPLOYMENT_TARGET = 15.4;
				MTL_ENABLE_DEBUG_INFO = NO;
				MTL_FAST_MATH = YES;
				SDKROOT = iphoneos;
				SWIFT_COMPILATION_MODE = wholemodule;
				SWIFT_OPTIMIZATION_LEVEL = "-O";
				VALIDATE_PRODUCT = YES;
			};
			name = Release;
		};
		7B76ADBD281905D1000C8C13 /* Debug */ = {
			isa = XCBuildConfiguration;
			buildSettings = {
				ASSETCATALOG_COMPILER_APPICON_NAME = AppIcon;
				ASSETCATALOG_COMPILER_GLOBAL_ACCENT_COLOR_NAME = AccentColor;
				CODE_SIGN_STYLE = Automatic;
				CURRENT_PROJECT_VERSION = 1;
				DEVELOPMENT_TEAM = 42X7ZSPVTM;
				GENERATE_INFOPLIST_FILE = YES;
				INFOPLIST_FILE = "Nano Challenge 1 - Laura/Info.plist";
				INFOPLIST_KEY_UIApplicationSupportsIndirectInputEvents = YES;
				INFOPLIST_KEY_UILaunchStoryboardName = LaunchScreen;
				INFOPLIST_KEY_UIMainStoryboardFile = Main;
				INFOPLIST_KEY_UISupportedInterfaceOrientations_iPad = "UIInterfaceOrientationPortrait UIInterfaceOrientationPortraitUpsideDown UIInterfaceOrientationLandscapeLeft UIInterfaceOrientationLandscapeRight";
				INFOPLIST_KEY_UISupportedInterfaceOrientations_iPhone = "UIInterfaceOrientationPortrait UIInterfaceOrientationLandscapeLeft UIInterfaceOrientationLandscapeRight";
				LD_RUNPATH_SEARCH_PATHS = (
					"$(inherited)",
					"@executable_path/Frameworks",
				);
				MARKETING_VERSION = 1.0;
				PRODUCT_BUNDLE_IDENTIFIER = "com.AppleDeveloperAcademyBinus.Nano-Challenge-1---Laura";
				PRODUCT_NAME = "$(TARGET_NAME)";
				SWIFT_EMIT_LOC_STRINGS = YES;
				SWIFT_VERSION = 5.0;
				TARGETED_DEVICE_FAMILY = "1,2";
			};
			name = Debug;
		};
		7B76ADBE281905D1000C8C13 /* Release */ = {
			isa = XCBuildConfiguration;
			buildSettings = {
				ASSETCATALOG_COMPILER_APPICON_NAME = AppIcon;
				ASSETCATALOG_COMPILER_GLOBAL_ACCENT_COLOR_NAME = AccentColor;
				CODE_SIGN_STYLE = Automatic;
				CURRENT_PROJECT_VERSION = 1;
				DEVELOPMENT_TEAM = 42X7ZSPVTM;
				GENERATE_INFOPLIST_FILE = YES;
				INFOPLIST_FILE = "Nano Challenge 1 - Laura/Info.plist";
				INFOPLIST_KEY_UIApplicationSupportsIndirectInputEvents = YES;
				INFOPLIST_KEY_UILaunchStoryboardName = LaunchScreen;
				INFOPLIST_KEY_UIMainStoryboardFile = Main;
				INFOPLIST_KEY_UISupportedInterfaceOrientations_iPad = "UIInterfaceOrientationPortrait UIInterfaceOrientationPortraitUpsideDown UIInterfaceOrientationLandscapeLeft UIInterfaceOrientationLandscapeRight";
				INFOPLIST_KEY_UISupportedInterfaceOrientations_iPhone = "UIInterfaceOrientationPortrait UIInterfaceOrientationLandscapeLeft UIInterfaceOrientationLandscapeRight";
				LD_RUNPATH_SEARCH_PATHS = (
					"$(inherited)",
					"@executable_path/Frameworks",
				);
				MARKETING_VERSION = 1.0;
				PRODUCT_BUNDLE_IDENTIFIER = "com.AppleDeveloperAcademyBinus.Nano-Challenge-1---Laura";
				PRODUCT_NAME = "$(TARGET_NAME)";
				SWIFT_EMIT_LOC_STRINGS = YES;
				SWIFT_VERSION = 5.0;
				TARGETED_DEVICE_FAMILY = "1,2";
			};
			name = Release;
		};
/* End XCBuildConfiguration section */

/* Begin XCConfigurationList section */
		7B76ADA3281905D0000C8C13 /* Build configuration list for PBXProject "Nano Challenge 1 - Laura" */ = {
			isa = XCConfigurationList;
			buildConfigurations = (
				7B76ADBA281905D1000C8C13 /* Debug */,
				7B76ADBB281905D1000C8C13 /* Release */,
			);
			defaultConfigurationIsVisible = 0;
			defaultConfigurationName = Release;
		};
		7B76ADBC281905D1000C8C13 /* Build configuration list for PBXNativeTarget "Nano Challenge 1 - Laura" */ = {
			isa = XCConfigurationList;
			buildConfigurations = (
				7B76ADBD281905D1000C8C13 /* Debug */,
				7B76ADBE281905D1000C8C13 /* Release */,
			);
			defaultConfigurationIsVisible = 0;
			defaultConfigurationName = Release;
		};
/* End XCConfigurationList section */

/* Begin XCVersionGroup section */
		7B06FB75281AF88400CA0263 /* NC1.xcdatamodeld */ = {
			isa = XCVersionGroup;
			children = (
				7B06FB76281AF88400CA0263 /* NC1.xcdatamodel */,
			);
			currentVersion = 7B06FB76281AF88400CA0263 /* NC1.xcdatamodel */;
			path = NC1.xcdatamodeld;
			sourceTree = "<group>";
			versionGroupType = wrapper.xcdatamodel;
		};
/* End XCVersionGroup section */
	};
	rootObject = 7B76ADA0281905D0000C8C13 /* Project object */;
}
